
Microsoft Visual Studio Solution File, Format Version 12.00
# Visual Studio Version 16
VisualStudioVersion = 16.0.31205.134
MinimumVisualStudioVersion = 10.0.40219.1
Project("{FAE04EC0-301F-11D3-BF4B-00C04F79EFBC}") = "Delete This - (Testing for Final Project)", "Delete This - (Testing for Final Project)\Delete This - (Testing for Final Project).csproj", "{46557A11-8FD2-4910-AA01-D90D37F9FB6C}"
EndProject
Global
	GlobalSection(SolutionConfigurationPlatforms) = preSolution
		Debug|Any CPU = Debug|Any CPU
		Release|Any CPU = Release|Any CPU
	EndGlobalSection
	GlobalSection(ProjectConfigurationPlatforms) = postSolution
		{46557A11-8FD2-4910-AA01-D90D37F9FB6C}.Debug|Any CPU.ActiveCfg = Debug|Any CPU
		{46557A11-8FD2-4910-AA01-D90D37F9FB6C}.Debug|Any CPU.Build.0 = Debug|Any CPU
		{46557A11-8FD2-4910-AA01-D90D37F9FB6C}.Release|Any CPU.ActiveCfg = Release|Any CPU
		{46557A11-8FD2-4910-AA01-D90D37F9FB6C}.Release|Any CPU.Build.0 = Release|Any CPU
	EndGlobalSection
	GlobalSection(SolutionProperties) = preSolution
		HideSolutionNode = FALSE
	EndGlobalSection
	GlobalSection(ExtensibilityGlobals) = postSolution
		SolutionGuid = {7421559E-433D-40C4-BD30-BE88C333343D}
	EndGlobalSection
EndGlobal
