
Microsoft Visual Studio Solution File, Format Version 12.00
# Visual Studio Version 16
VisualStudioVersion = 16.0.31205.134
MinimumVisualStudioVersion = 10.0.40219.1
Project("{FAE04EC0-301F-11D3-BF4B-00C04F79EFBC}") = "Racquet Ball Project", "Racquet Ball Project\Racquet Ball Project.csproj", "{511AE946-B9A0-49ED-8438-25DED9F5F06E}"
EndProject
Global
	GlobalSection(SolutionConfigurationPlatforms) = preSolution
		Debug|Any CPU = Debug|Any CPU
		Release|Any CPU = Release|Any CPU
	EndGlobalSection
	GlobalSection(ProjectConfigurationPlatforms) = postSolution
		{511AE946-B9A0-49ED-8438-25DED9F5F06E}.Debug|Any CPU.ActiveCfg = Debug|Any CPU
		{511AE946-B9A0-49ED-8438-25DED9F5F06E}.Debug|Any CPU.Build.0 = Debug|Any CPU
		{511AE946-B9A0-49ED-8438-25DED9F5F06E}.Release|Any CPU.ActiveCfg = Release|Any CPU
		{511AE946-B9A0-49ED-8438-25DED9F5F06E}.Release|Any CPU.Build.0 = Release|Any CPU
	EndGlobalSection
	GlobalSection(SolutionProperties) = preSolution
		HideSolutionNode = FALSE
	EndGlobalSection
	GlobalSection(ExtensibilityGlobals) = postSolution
		SolutionGuid = {AC12C32C-4ED0-4C32-BE10-D9E8B286A84B}
	EndGlobalSection
EndGlobal
