
Microsoft Visual Studio Solution File, Format Version 12.00
# Visual Studio Version 16
VisualStudioVersion = 16.0.31205.134
MinimumVisualStudioVersion = 10.0.40219.1
Project("{FAE04EC0-301F-11D3-BF4B-00C04F79EFBC}") = "Flowchart Program", "Flowchart Program\Flowchart Program.csproj", "{F707C58E-8090-4D10-82B2-1FAFDA0E628C}"
EndProject
Global
	GlobalSection(SolutionConfigurationPlatforms) = preSolution
		Debug|Any CPU = Debug|Any CPU
		Release|Any CPU = Release|Any CPU
	EndGlobalSection
	GlobalSection(ProjectConfigurationPlatforms) = postSolution
		{F707C58E-8090-4D10-82B2-1FAFDA0E628C}.Debug|Any CPU.ActiveCfg = Debug|Any CPU
		{F707C58E-8090-4D10-82B2-1FAFDA0E628C}.Debug|Any CPU.Build.0 = Debug|Any CPU
		{F707C58E-8090-4D10-82B2-1FAFDA0E628C}.Release|Any CPU.ActiveCfg = Release|Any CPU
		{F707C58E-8090-4D10-82B2-1FAFDA0E628C}.Release|Any CPU.Build.0 = Release|Any CPU
	EndGlobalSection
	GlobalSection(SolutionProperties) = preSolution
		HideSolutionNode = FALSE
	EndGlobalSection
	GlobalSection(ExtensibilityGlobals) = postSolution
		SolutionGuid = {F6591B7D-3847-4B72-8D50-A97DCC9373A7}
	EndGlobalSection
EndGlobal
